
Microsoft Visual Studio Solution File, Format Version 12.00
# Visual Studio Version 17
VisualStudioVersion = 17.7.34221.43
MinimumVisualStudioVersion = 10.0.40219.1
Project("{FAE04EC0-301F-11D3-BF4B-00C04F79EFBC}") = "UrlShort", "UrlShort.csproj", "{A0DA2930-4949-4D78-8EE8-43BF5C01358E}"
EndProject
Global
	GlobalSection(SolutionConfigurationPlatforms) = preSolution
		Debug|Any CPU = Debug|Any CPU
		Release|Any CPU = Release|Any CPU
	EndGlobalSection
	GlobalSection(ProjectConfigurationPlatforms) = postSolution
		{A0DA2930-4949-4D78-8EE8-43BF5C01358E}.Debug|Any CPU.ActiveCfg = Debug|Any CPU
		{A0DA2930-4949-4D78-8EE8-43BF5C01358E}.Debug|Any CPU.Build.0 = Debug|Any CPU
		{A0DA2930-4949-4D78-8EE8-43BF5C01358E}.Release|Any CPU.ActiveCfg = Release|Any CPU
		{A0DA2930-4949-4D78-8EE8-43BF5C01358E}.Release|Any CPU.Build.0 = Release|Any CPU
	EndGlobalSection
	GlobalSection(SolutionProperties) = preSolution
		HideSolutionNode = FALSE
	EndGlobalSection
	GlobalSection(ExtensibilityGlobals) = postSolution
		SolutionGuid = {7908E581-F93C-41A9-8743-38D63F505752}
	EndGlobalSection
EndGlobal
